// !$*UTF8*$!
{
	archiveVersion = 1;
	classes = {
	};
	objectVersion = 48;
	objects = {

/* Begin PBXBuildFile section */
		AADB5594208972A60031CED5 /* AppDelegate.swift in Sources */ = {isa = PBXBuildFile; fileRef = AADB5593208972A50031CED5 /* AppDelegate.swift */; };
		AADB5596208972A60031CED5 /* ViewController.swift in Sources */ = {isa = PBXBuildFile; fileRef = AADB5595208972A60031CED5 /* ViewController.swift */; };
		AADB5599208972A70031CED5 /* Main.storyboard in Resources */ = {isa = PBXBuildFile; fileRef = AADB5597208972A70031CED5 /* Main.storyboard */; };
		AADB559B208972D40031CED5 /* Assets.xcassets in Resources */ = {isa = PBXBuildFile; fileRef = AADB559A208972D40031CED5 /* Assets.xcassets */; };
		AADB559E208972D40031CED5 /* LaunchScreen.storyboard in Resources */ = {isa = PBXBuildFile; fileRef = AADB559C208972D40031CED5 /* LaunchScreen.storyboard */; };
		AADB55A9208972D50031CED5 /* SampleCalculatorAppTests.swift in Sources */ = {isa = PBXBuildFile; fileRef = AADB55A8208972D50031CED5 /* SampleCalculatorAppTests.swift */; };
		AADB55B4208972D50031CED5 /* SampleCalculatorAppUITests.swift in Sources */ = {isa = PBXBuildFile; fileRef = AADB55B3208972D50031CED5 /* SampleCalculatorAppUITests.swift */; };
/* End PBXBuildFile section */

/* Begin PBXContainerItemProxy section */
		AADB55A5208972D50031CED5 /* PBXContainerItemProxy */ = {
			isa = PBXContainerItemProxy;
			containerPortal = AADB5588208972A30031CED5 /* Project object */;
			proxyType = 1;
			remoteGlobalIDString = AADB558F208972A50031CED5;
			remoteInfo = SampleCalculatorApp;
		};
		AADB55B0208972D50031CED5 /* PBXContainerItemProxy */ = {
			isa = PBXContainerItemProxy;
			containerPortal = AADB5588208972A30031CED5 /* Project object */;
			proxyType = 1;
			remoteGlobalIDString = AADB558F208972A50031CED5;
			remoteInfo = SampleCalculatorApp;
		};
/* End PBXContainerItemProxy section */

/* Begin PBXFileReference section */
		AADB5590208972A50031CED5 /* SampleCalculatorApp.app */ = {isa = PBXFileReference; explicitFileType = wrapper.application; includeInIndex = 0; path = SampleCalculatorApp.app; sourceTree = BUILT_PRODUCTS_DIR; };
		AADB5593208972A50031CED5 /* AppDelegate.swift */ = {isa = PBXFileReference; lastKnownFileType = sourcecode.swift; path = AppDelegate.swift; sourceTree = "<group>"; };
		AADB5595208972A60031CED5 /* ViewController.swift */ = {isa = PBXFileReference; lastKnownFileType = sourcecode.swift; path = ViewController.swift; sourceTree = "<group>"; };
		AADB5598208972A70031CED5 /* Base */ = {isa = PBXFileReference; lastKnownFileType = file.storyboard; name = Base; path = Base.lproj/Main.storyboard; sourceTree = "<group>"; };
		AADB559A208972D40031CED5 /* Assets.xcassets */ = {isa = PBXFileReference; lastKnownFileType = folder.assetcatalog; path = Assets.xcassets; sourceTree = "<group>"; };
		AADB559D208972D40031CED5 /* Base */ = {isa = PBXFileReference; lastKnownFileType = file.storyboard; name = Base; path = Base.lproj/LaunchScreen.storyboard; sourceTree = "<group>"; };
		AADB559F208972D40031CED5 /* Info.plist */ = {isa = PBXFileReference; lastKnownFileType = text.plist.xml; path = Info.plist; sourceTree = "<group>"; };
		AADB55A4208972D50031CED5 /* SampleCalculatorAppTests.xctest */ = {isa = PBXFileReference; explicitFileType = wrapper.cfbundle; includeInIndex = 0; path = SampleCalculatorAppTests.xctest; sourceTree = BUILT_PRODUCTS_DIR; };
		AADB55A8208972D50031CED5 /* SampleCalculatorAppTests.swift */ = {isa = PBXFileReference; lastKnownFileType = sourcecode.swift; path = SampleCalculatorAppTests.swift; sourceTree = "<group>"; };
		AADB55AA208972D50031CED5 /* Info.plist */ = {isa = PBXFileReference; lastKnownFileType = text.plist.xml; path = Info.plist; sourceTree = "<group>"; };
		AADB55AF208972D50031CED5 /* SampleCalculatorAppUITests.xctest */ = {isa = PBXFileReference; explicitFileType = wrapper.cfbundle; includeInIndex = 0; path = SampleCalculatorAppUITests.xctest; sourceTree = BUILT_PRODUCTS_DIR; };
		AADB55B3208972D50031CED5 /* SampleCalculatorAppUITests.swift */ = {isa = PBXFileReference; lastKnownFileType = sourcecode.swift; path = SampleCalculatorAppUITests.swift; sourceTree = "<group>"; };
		AADB55B5208972D50031CED5 /* Info.plist */ = {isa = PBXFileReference; lastKnownFileType = text.plist.xml; path = Info.plist; sourceTree = "<group>"; };
/* End PBXFileReference section */

/* Begin PBXFrameworksBuildPhase section */
		AADB558D208972A50031CED5 /* Frameworks */ = {
			isa = PBXFrameworksBuildPhase;
			buildActionMask = 2147483647;
			files = (
			);
			runOnlyForDeploymentPostprocessing = 0;
		};
		AADB55A1208972D40031CED5 /* Frameworks */ = {
			isa = PBXFrameworksBuildPhase;
			buildActionMask = 2147483647;
			files = (
			);
			runOnlyForDeploymentPostprocessing = 0;
		};
		AADB55AC208972D50031CED5 /* Frameworks */ = {
			isa = PBXFrameworksBuildPhase;
			buildActionMask = 2147483647;
			files = (
			);
			runOnlyForDeploymentPostprocessing = 0;
		};
/* End PBXFrameworksBuildPhase section */

/* Begin PBXGroup section */
		AADB5587208972A20031CED5 = {
			isa = PBXGroup;
			children = (
				AADB5592208972A50031CED5 /* SampleCalculatorApp */,
				AADB55A7208972D50031CED5 /* SampleCalculatorAppTests */,
				AADB55B2208972D50031CED5 /* SampleCalculatorAppUITests */,
				AADB5591208972A50031CED5 /* Products */,
			);
			sourceTree = "<group>";
		};
		AADB5591208972A50031CED5 /* Products */ = {
			isa = PBXGroup;
			children = (
				AADB5590208972A50031CED5 /* SampleCalculatorApp.app */,
				AADB55A4208972D50031CED5 /* SampleCalculatorAppTests.xctest */,
				AADB55AF208972D50031CED5 /* SampleCalculatorAppUITests.xctest */,
			);
			name = Products;
			sourceTree = "<group>";
		};
		AADB5592208972A50031CED5 /* SampleCalculatorApp */ = {
			isa = PBXGroup;
			children = (
				AADB5593208972A50031CED5 /* AppDelegate.swift */,
				AADB5595208972A60031CED5 /* ViewController.swift */,
				AADB5597208972A70031CED5 /* Main.storyboard */,
				AADB559A208972D40031CED5 /* Assets.xcassets */,
				AADB559C208972D40031CED5 /* LaunchScreen.storyboard */,
				AADB559F208972D40031CED5 /* Info.plist */,
			);
			path = SampleCalculatorApp;
			sourceTree = "<group>";
		};
		AADB55A7208972D50031CED5 /* SampleCalculatorAppTests */ = {
			isa = PBXGroup;
			children = (
				AADB55A8208972D50031CED5 /* SampleCalculatorAppTests.swift */,
				AADB55AA208972D50031CED5 /* Info.plist */,
			);
			path = SampleCalculatorAppTests;
			sourceTree = "<group>";
		};
		AADB55B2208972D50031CED5 /* SampleCalculatorAppUITests */ = {
			isa = PBXGroup;
			children = (
				AADB55B3208972D50031CED5 /* SampleCalculatorAppUITests.swift */,
				AADB55B5208972D50031CED5 /* Info.plist */,
			);
			path = SampleCalculatorAppUITests;
			sourceTree = "<group>";
		};
/* End PBXGroup section */

/* Begin PBXNativeTarget section */
		AADB558F208972A50031CED5 /* SampleCalculatorApp */ = {
			isa = PBXNativeTarget;
			buildConfigurationList = AADB55B8208972D50031CED5 /* Build configuration list for PBXNativeTarget "SampleCalculatorApp" */;
			buildPhases = (
				AADB558C208972A50031CED5 /* Sources */,
				AADB558D208972A50031CED5 /* Frameworks */,
				AADB558E208972A50031CED5 /* Resources */,
			);
			buildRules = (
			);
			dependencies = (
			);
			name = SampleCalculatorApp;
			productName = SampleCalculatorApp;
			productReference = AADB5590208972A50031CED5 /* SampleCalculatorApp.app */;
			productType = "com.apple.product-type.application";
		};
		AADB55A3208972D40031CED5 /* SampleCalculatorAppTests */ = {
			isa = PBXNativeTarget;
			buildConfigurationList = AADB55BB208972D50031CED5 /* Build configuration list for PBXNativeTarget "SampleCalculatorAppTests" */;
			buildPhases = (
				AADB55A0208972D40031CED5 /* Sources */,
				AADB55A1208972D40031CED5 /* Frameworks */,
				AADB55A2208972D40031CED5 /* Resources */,
			);
			buildRules = (
			);
			dependencies = (
				AADB55A6208972D50031CED5 /* PBXTargetDependency */,
			);
			name = SampleCalculatorAppTests;
			productName = SampleCalculatorAppTests;
			productReference = AADB55A4208972D50031CED5 /* SampleCalculatorAppTests.xctest */;
			productType = "com.apple.product-type.bundle.unit-test";
		};
		AADB55AE208972D50031CED5 /* SampleCalculatorAppUITests */ = {
			isa = PBXNativeTarget;
			buildConfigurationList = AADB55BE208972D50031CED5 /* Build configuration list for PBXNativeTarget "SampleCalculatorAppUITests" */;
			buildPhases = (
				AADB55AB208972D50031CED5 /* Sources */,
				AADB55AC208972D50031CED5 /* Frameworks */,
				AADB55AD208972D50031CED5 /* Resources */,
			);
			buildRules = (
			);
			dependencies = (
				AADB55B1208972D50031CED5 /* PBXTargetDependency */,
			);
			name = SampleCalculatorAppUITests;
			productName = SampleCalculatorAppUITests;
			productReference = AADB55AF208972D50031CED5 /* SampleCalculatorAppUITests.xctest */;
			productType = "com.apple.product-type.bundle.ui-testing";
		};
/* End PBXNativeTarget section */

/* Begin PBXProject section */
		AADB5588208972A30031CED5 /* Project object */ = {
			isa = PBXProject;
			attributes = {
				LastSwiftUpdateCheck = 0930;
				LastUpgradeCheck = 0930;
				ORGANIZATIONNAME = "Tuan SPK";
				TargetAttributes = {
					AADB558F208972A50031CED5 = {
						CreatedOnToolsVersion = 9.3;
						ProvisioningStyle = Automatic;
					};
					AADB55A3208972D40031CED5 = {
						CreatedOnToolsVersion = 9.3;
						ProvisioningStyle = Automatic;
						TestTargetID = AADB558F208972A50031CED5;
					};
					AADB55AE208972D50031CED5 = {
						CreatedOnToolsVersion = 9.3;
						ProvisioningStyle = Automatic;
						TestTargetID = AADB558F208972A50031CED5;
					};
				};
			};
			buildConfigurationList = AADB558B208972A40031CED5 /* Build configuration list for PBXProject "SampleCalculatorApp" */;
			compatibilityVersion = "Xcode 8.0";
			developmentRegion = en;
			hasScannedForEncodings = 0;
			knownRegions = (
				en,
				Base,
			);
			mainGroup = AADB5587208972A20031CED5;
			productRefGroup = AADB5591208972A50031CED5 /* Products */;
			projectDirPath = "";
			projectRoot = "";
			targets = (
				AADB558F208972A50031CED5 /* SampleCalculatorApp */,
				AADB55A3208972D40031CED5 /* SampleCalculatorAppTests */,
				AADB55AE208972D50031CED5 /* SampleCalculatorAppUITests */,
			);
		};
/* End PBXProject section */

/* Begin PBXResourcesBuildPhase section */
		AADB558E208972A50031CED5 /* Resources */ = {
			isa = PBXResourcesBuildPhase;
			buildActionMask = 2147483647;
			files = (
				AADB559E208972D40031CED5 /* LaunchScreen.storyboard in Resources */,
				AADB559B208972D40031CED5 /* Assets.xcassets in Resources */,
				AADB5599208972A70031CED5 /* Main.storyboard in Resources */,
			);
			runOnlyForDeploymentPostprocessing = 0;
		};
		AADB55A2208972D40031CED5 /* Resources */ = {
			isa = PBXResourcesBuildPhase;
			buildActionMask = 2147483647;
			files = (
			);
			runOnlyForDeploymentPostprocessing = 0;
		};
		AADB55AD208972D50031CED5 /* Resources */ = {
			isa = PBXResourcesBuildPhase;
			buildActionMask = 2147483647;
			files = (
			);
			runOnlyForDeploymentPostprocessing = 0;
		};
/* End PBXResourcesBuildPhase section */

/* Begin PBXSourcesBuildPhase section */
		AADB558C208972A50031CED5 /* Sources */ = {
			isa = PBXSourcesBuildPhase;
			buildActionMask = 2147483647;
			files = (
				AADB5596208972A60031CED5 /* ViewController.swift in Sources */,
				AADB5594208972A60031CED5 /* AppDelegate.swift in Sources */,
			);
			runOnlyForDeploymentPostprocessing = 0;
		};
		AADB55A0208972D40031CED5 /* Sources */ = {
			isa = PBXSourcesBuildPhase;
			buildActionMask = 2147483647;
			files = (
				AADB55A9208972D50031CED5 /* SampleCalculatorAppTests.swift in Sources */,
			);
			runOnlyForDeploymentPostprocessing = 0;
		};
		AADB55AB208972D50031CED5 /* Sources */ = {
			isa = PBXSourcesBuildPhase;
			buildActionMask = 2147483647;
			files = (
				AADB55B4208972D50031CED5 /* SampleCalculatorAppUITests.swift in Sources */,
			);
			runOnlyForDeploymentPostprocessing = 0;
		};
/* End PBXSourcesBuildPhase section */

/* Begin PBXTargetDependency section */
		AADB55A6208972D50031CED5 /* PBXTargetDependency */ = {
			isa = PBXTargetDependency;
			target = AADB558F208972A50031CED5 /* SampleCalculatorApp */;
			targetProxy = AADB55A5208972D50031CED5 /* PBXContainerItemProxy */;
		};
		AADB55B1208972D50031CED5 /* PBXTargetDependency */ = {
			isa = PBXTargetDependency;
			target = AADB558F208972A50031CED5 /* SampleCalculatorApp */;
			targetProxy = AADB55B0208972D50031CED5 /* PBXContainerItemProxy */;
		};
/* End PBXTargetDependency section */

/* Begin PBXVariantGroup section */
		AADB5597208972A70031CED5 /* Main.storyboard */ = {
			isa = PBXVariantGroup;
			children = (
				AADB5598208972A70031CED5 /* Base */,
			);
			name = Main.storyboard;
			sourceTree = "<group>";
		};
		AADB559C208972D40031CED5 /* LaunchScreen.storyboard */ = {
			isa = PBXVariantGroup;
			children = (
				AADB559D208972D40031CED5 /* Base */,
			);
			name = LaunchScreen.storyboard;
			sourceTree = "<group>";
		};
/* End PBXVariantGroup section */

/* Begin XCBuildConfiguration section */
		AADB55B6208972D50031CED5 /* Debug */ = {
			isa = XCBuildConfiguration;
			buildSettings = {
				ALWAYS_SEARCH_USER_PATHS = NO;
				CLANG_ANALYZER_NONNULL = YES;
				CLANG_ANALYZER_NUMBER_OBJECT_CONVERSION = YES_AGGRESSIVE;
				CLANG_CXX_LANGUAGE_STANDARD = "gnu++14";
				CLANG_CXX_LIBRARY = "libc++";
				CLANG_ENABLE_MODULES = YES;
				CLANG_ENABLE_OBJC_ARC = YES;
				CLANG_ENABLE_OBJC_WEAK = YES;
				CLANG_WARN_BLOCK_CAPTURE_AUTORELEASING = YES;
				CLANG_WARN_BOOL_CONVERSION = YES;
				CLANG_WARN_COMMA = YES;
				CLANG_WARN_CONSTANT_CONVERSION = YES;
				CLANG_WARN_DEPRECATED_OBJC_IMPLEMENTATIONS = YES;
				CLANG_WARN_DIRECT_OBJC_ISA_USAGE = YES_ERROR;
				CLANG_WARN_DOCUMENTATION_COMMENTS = YES;
				CLANG_WARN_EMPTY_BODY = YES;
				CLANG_WARN_ENUM_CONVERSION = YES;
				CLANG_WARN_INFINITE_RECURSION = YES;
				CLANG_WARN_INT_CONVERSION = YES;
				CLANG_WARN_NON_LITERAL_NULL_CONVERSION = YES;
				CLANG_WARN_OBJC_IMPLICIT_RETAIN_SELF = YES;
				CLANG_WARN_OBJC_LITERAL_CONVERSION = YES;
				CLANG_WARN_OBJC_ROOT_CLASS = YES_ERROR;
				CLANG_WARN_RANGE_LOOP_ANALYSIS = YES;
				CLANG_WARN_STRICT_PROTOTYPES = YES;
				CLANG_WARN_SUSPICIOUS_MOVE = YES;
				CLANG_WARN_UNGUARDED_AVAILABILITY = YES_AGGRESSIVE;
				CLANG_WARN_UNREACHABLE_CODE = YES;
				CLANG_WARN__DUPLICATE_METHOD_MATCH = YES;
				CODE_SIGN_IDENTITY = "iPhone Developer";
				COPY_PHASE_STRIP = NO;
				DEBUG_INFORMATION_FORMAT = dwarf;
				ENABLE_STRICT_OBJC_MSGSEND = YES;
				ENABLE_TESTABILITY = YES;
				GCC_C_LANGUAGE_STANDARD = gnu11;
				GCC_DYNAMIC_NO_PIC = NO;
				GCC_NO_COMMON_BLOCKS = YES;
				GCC_OPTIMIZATION_LEVEL = 0;
				GCC_PREPROCESSOR_DEFINITIONS = (
					"DEBUG=1",
					"$(inherited)",
				);
				GCC_WARN_64_TO_32_BIT_CONVERSION = YES;
				GCC_WARN_ABOUT_RETURN_TYPE = YES_ERROR;
				GCC_WARN_UNDECLARED_SELECTOR = YES;
				GCC_WARN_UNINITIALIZED_AUTOS = YES_AGGRESSIVE;
				GCC_WARN_UNUSED_FUNCTION = YES;
				GCC_WARN_UNUSED_VARIABLE = YES;
				IPHONEOS_DEPLOYMENT_TARGET = 11.3;
				MTL_ENABLE_DEBUG_INFO = YES;
				ONLY_ACTIVE_ARCH = YES;
				SDKROOT = iphoneos;
				SWIFT_ACTIVE_COMPILATION_CONDITIONS = DEBUG;
				SWIFT_OPTIMIZATION_LEVEL = "-Onone";
			};
			name = Debug;
		};
		AADB55B7208972D50031CED5 /* Release */ = {
			isa = XCBuildConfiguration;
			buildSettings = {
				ALWAYS_SEARCH_USER_PATHS = NO;
				CLANG_ANALYZER_NONNULL = YES;
				CLANG_ANALYZER_NUMBER_OBJECT_CONVERSION = YES_AGGRESSIVE;
				CLANG_CXX_LANGUAGE_STANDARD = "gnu++14";
				CLANG_CXX_LIBRARY = "libc++";
				CLANG_ENABLE_MODULES = YES;
				CLANG_ENABLE_OBJC_ARC = YES;
				CLANG_ENABLE_OBJC_WEAK = YES;
				CLANG_WARN_BLOCK_CAPTURE_AUTORELEASING = YES;
				CLANG_WARN_BOOL_CONVERSION = YES;
				CLANG_WARN_COMMA = YES;
				CLANG_WARN_CONSTANT_CONVERSION = YES;
				CLANG_WARN_DEPRECATED_OBJC_IMPLEMENTATIONS = YES;
				CLANG_WARN_DIRECT_OBJC_ISA_USAGE = YES_ERROR;
				CLANG_WARN_DOCUMENTATION_COMMENTS = YES;
				CLANG_WARN_EMPTY_BODY = YES;
				CLANG_WARN_ENUM_CONVERSION = YES;
				CLANG_WARN_INFINITE_RECURSION = YES;
				CLANG_WARN_INT_CONVERSION = YES;
				CLANG_WARN_NON_LITERAL_NULL_CONVERSION = YES;
				CLANG_WARN_OBJC_IMPLICIT_RETAIN_SELF = YES;
				CLANG_WARN_OBJC_LITERAL_CONVERSION = YES;
				CLANG_WARN_OBJC_ROOT_CLASS = YES_ERROR;
				CLANG_WARN_RANGE_LOOP_ANALYSIS = YES;
				CLANG_WARN_STRICT_PROTOTYPES = YES;
				CLANG_WARN_SUSPICIOUS_MOVE = YES;
				CLANG_WARN_UNGUARDED_AVAILABILITY = YES_AGGRESSIVE;
				CLANG_WARN_UNREACHABLE_CODE = YES;
				CLANG_WARN__DUPLICATE_METHOD_MATCH = YES;
				CODE_SIGN_IDENTITY = "iPhone Developer";
				COPY_PHASE_STRIP = NO;
				DEBUG_INFORMATION_FORMAT = "dwarf-with-dsym";
				ENABLE_NS_ASSERTIONS = NO;
				ENABLE_STRICT_OBJC_MSGSEND = YES;
				GCC_C_LANGUAGE_STANDARD = gnu11;
				GCC_NO_COMMON_BLOCKS = YES;
				GCC_WARN_64_TO_32_BIT_CONVERSION = YES;
				GCC_WARN_ABOUT_RETURN_TYPE = YES_ERROR;
				GCC_WARN_UNDECLARED_SELECTOR = YES;
				GCC_WARN_UNINITIALIZED_AUTOS = YES_AGGRESSIVE;
				GCC_WARN_UNUSED_FUNCTION = YES;
				GCC_WARN_UNUSED_VARIABLE = YES;
				IPHONEOS_DEPLOYMENT_TARGET = 11.3;
				MTL_ENABLE_DEBUG_INFO = NO;
				SDKROOT = iphoneos;
				SWIFT_OPTIMIZATION_LEVEL = "-Owholemodule";
				VALIDATE_PRODUCT = YES;
			};
			name = Release;
		};
		AADB55B9208972D50031CED5 /* Debug */ = {
			isa = XCBuildConfiguration;
			buildSettings = {
				ASSETCATALOG_COMPILER_APPICON_NAME = AppIcon;
				CODE_SIGN_STYLE = Automatic;
				INFOPLIST_FILE = SampleCalculatorApp/Info.plist;
				IPHONEOS_DEPLOYMENT_TARGET = 10.3;
				LD_RUNPATH_SEARCH_PATHS = "$(inherited) @executable_path/Frameworks";
				PRODUCT_BUNDLE_IDENTIFIER = tuanspk.SampleCalculatorApp;
				PRODUCT_NAME = "$(TARGET_NAME)";
				SWIFT_VERSION = "";
				TARGETED_DEVICE_FAMILY = "1,2";
			};
			name = Debug;
		};
		AADB55BA208972D50031CED5 /* Release */ = {
			isa = XCBuildConfiguration;
			buildSettings = {
				ASSETCATALOG_COMPILER_APPICON_NAME = AppIcon;
				CODE_SIGN_STYLE = Automatic;
				INFOPLIST_FILE = SampleCalculatorApp/Info.plist;
				IPHONEOS_DEPLOYMENT_TARGET = 10.3;
				LD_RUNPATH_SEARCH_PATHS = "$(inherited) @executable_path/Frameworks";
				PRODUCT_BUNDLE_IDENTIFIER = tuanspk.SampleCalculatorApp;
				PRODUCT_NAME = "$(TARGET_NAME)";
				SWIFT_VERSION = "";
				TARGETED_DEVICE_FAMILY = "1,2";
			};
			name = Release;
		};
		AADB55BC208972D50031CED5 /* Debug */ = {
			isa = XCBuildConfiguration;
			buildSettings = {
				ALWAYS_EMBED_SWIFT_STANDARD_LIBRARIES = YES;
				BUNDLE_LOADER = "$(TEST_HOST)";
				CODE_SIGN_STYLE = Automatic;
				INFOPLIST_FILE = SampleCalculatorAppTests/Info.plist;
				LD_RUNPATH_SEARCH_PATHS = "$(inherited) @executable_path/Frameworks @loader_path/Frameworks";
				PRODUCT_BUNDLE_IDENTIFIER = tuanspk.SampleCalculatorAppTests;
				PRODUCT_NAME = "$(TARGET_NAME)";
				SWIFT_VERSION = 4.0;
				TARGETED_DEVICE_FAMILY = "1,2";
				TEST_HOST = "$(BUILT_PRODUCTS_DIR)/SampleCalculatorApp.app/SampleCalculatorApp";
			};
			name = Debug;
		};
		AADB55BD208972D50031CED5 /* Release */ = {
			isa = XCBuildConfiguration;
			buildSettings = {
				ALWAYS_EMBED_SWIFT_STANDARD_LIBRARIES = YES;
				BUNDLE_LOADER = "$(TEST_HOST)";
				CODE_SIGN_STYLE = Automatic;
				INFOPLIST_FILE = SampleCalculatorAppTests/Info.plist;
				LD_RUNPATH_SEARCH_PATHS = "$(inherited) @executable_path/Frameworks @loader_path/Frameworks";
				PRODUCT_BUNDLE_IDENTIFIER = tuanspk.SampleCalculatorAppTests;
				PRODUCT_NAME = "$(TARGET_NAME)";
				SWIFT_VERSION = 4.0;
				TARGETED_DEVICE_FAMILY = "1,2";
				TEST_HOST = "$(BUILT_PRODUCTS_DIR)/SampleCalculatorApp.app/SampleCalculatorApp";
			};
			name = Release;
		};
		AADB55BF208972D50031CED5 /* Debug */ = {
			isa = XCBuildConfiguration;
			buildSettings = {
				ALWAYS_EMBED_SWIFT_STANDARD_LIBRARIES = YES;
				CODE_SIGN_STYLE = Automatic;
				INFOPLIST_FILE = SampleCalculatorAppUITests/Info.plist;
				LD_RUNPATH_SEARCH_PATHS = "$(inherited) @executable_path/Frameworks @loader_path/Frameworks";
				PRODUCT_BUNDLE_IDENTIFIER = tuanspk.SampleCalculatorAppUITests;
				PRODUCT_NAME = "$(TARGET_NAME)";
				SWIFT_VERSION = 4.0;
				TARGETED_DEVICE_FAMILY = "1,2";
				TEST_TARGET_NAME = SampleCalculatorApp;
			};
			name = Debug;
		};
		AADB55C0208972D50031CED5 /* Release */ = {
			isa = XCBuildConfiguration;
			buildSettings = {
				ALWAYS_EMBED_SWIFT_STANDARD_LIBRARIES = YES;
				CODE_SIGN_STYLE = Automatic;
				INFOPLIST_FILE = SampleCalculatorAppUITests/Info.plist;
				LD_RUNPATH_SEARCH_PATHS = "$(inherited) @executable_path/Frameworks @loader_path/Frameworks";
				PRODUCT_BUNDLE_IDENTIFIER = tuanspk.SampleCalculatorAppUITests;
				PRODUCT_NAME = "$(TARGET_NAME)";
				SWIFT_VERSION = 4.0;
				TARGETED_DEVICE_FAMILY = "1,2";
				TEST_TARGET_NAME = SampleCalculatorApp;
			};
			name = Release;
		};
/* End XCBuildConfiguration section */

/* Begin XCConfigurationList section */
		AADB558B208972A40031CED5 /* Build configuration list for PBXProject "SampleCalculatorApp" */ = {
			isa = XCConfigurationList;
			buildConfigurations = (
				AADB55B6208972D50031CED5 /* Debug */,
				AADB55B7208972D50031CED5 /* Release */,
			);
			defaultConfigurationIsVisible = 0;
			defaultConfigurationName = Release;
		};
		AADB55B8208972D50031CED5 /* Build configuration list for PBXNativeTarget "SampleCalculatorApp" */ = {
			isa = XCConfigurationList;
			buildConfigurations = (
				AADB55B9208972D50031CED5 /* Debug */,
				AADB55BA208972D50031CED5 /* Release */,
			);
			defaultConfigurationIsVisible = 0;
			defaultConfigurationName = Release;
		};
		AADB55BB208972D50031CED5 /* Build configuration list for PBXNativeTarget "SampleCalculatorAppTests" */ = {
			isa = XCConfigurationList;
			buildConfigurations = (
				AADB55BC208972D50031CED5 /* Debug */,
				AADB55BD208972D50031CED5 /* Release */,
			);
			defaultConfigurationIsVisible = 0;
			defaultConfigurationName = Release;
		};
		AADB55BE208972D50031CED5 /* Build configuration list for PBXNativeTarget "SampleCalculatorAppUITests" */ = {
			isa = XCConfigurationList;
			buildConfigurations = (
				AADB55BF208972D50031CED5 /* Debug */,
				AADB55C0208972D50031CED5 /* Release */,
			);
			defaultConfigurationIsVisible = 0;
			defaultConfigurationName = Release;
		};
/* End XCConfigurationList section */
	};
	rootObject = AADB5588208972A30031CED5 /* Project object */;
}
